{"1.1.0",
[{<<"base64url">>,{pkg,<<"base64url">>,<<"0.0.1">>},0},
 {<<"jsone">>,{pkg,<<"jsone">>,<<"1.4.7">>},0}]}.
[
{pkg_hash,[
 {<<"base64url">>, <<"36A90125F5948E3AFD7BE97662A1504B934DD5DAC78451CA6E9ABF85A10286BE">>},
 {<<"jsone">>, <<"A970C23D9700AE7842B526C57677E6E3F10894B429524696EAD547E9302391C0">>}]}
].
